
Microsoft Visual Studio Solution File, Format Version 12.00
# Visual Studio Version 17
VisualStudioVersion = 17.4.33213.308
MinimumVisualStudioVersion = 10.0.40219.1
Project("{9A19103F-16F7-4668-BE54-9A1E7A4F7556}") = "testPostgresConnection", "testPostgresConnection\testPostgresConnection.csproj", "{54DED070-9A7C-48F9-8AED-A44DE32A0652}"
EndProject
Project("{9A19103F-16F7-4668-BE54-9A1E7A4F7556}") = "testPostgresConnection.DAL", "testPostgresConnection.DAL\testPostgresConnection.DAL.csproj", "{245F843C-C9CB-4B6C-B2D1-165BE3CF4CF1}"
EndProject
Project("{9A19103F-16F7-4668-BE54-9A1E7A4F7556}") = "testPostgresConnection.Domain", "testPostgresConnection.Domain\testPostgresConnection.Domain.csproj", "{62E00716-1715-4353-8158-FC4701A56D8C}"
EndProject
Project("{FAE04EC0-301F-11D3-BF4B-00C04F79EFBC}") = "testPostgresConnection.Service", "testPostgresConnection.Service\testPostgresConnection.Service.csproj", "{AAF3B82F-0CC0-4DD5-91EE-E7497DD7F2EC}"
EndProject
Global
	GlobalSection(SolutionConfigurationPlatforms) = preSolution
		Debug|Any CPU = Debug|Any CPU
		Release|Any CPU = Release|Any CPU
	EndGlobalSection
	GlobalSection(ProjectConfigurationPlatforms) = postSolution
		{54DED070-9A7C-48F9-8AED-A44DE32A0652}.Debug|Any CPU.ActiveCfg = Debug|Any CPU
		{54DED070-9A7C-48F9-8AED-A44DE32A0652}.Debug|Any CPU.Build.0 = Debug|Any CPU
		{54DED070-9A7C-48F9-8AED-A44DE32A0652}.Release|Any CPU.ActiveCfg = Release|Any CPU
		{54DED070-9A7C-48F9-8AED-A44DE32A0652}.Release|Any CPU.Build.0 = Release|Any CPU
		{245F843C-C9CB-4B6C-B2D1-165BE3CF4CF1}.Debug|Any CPU.ActiveCfg = Debug|Any CPU
		{245F843C-C9CB-4B6C-B2D1-165BE3CF4CF1}.Debug|Any CPU.Build.0 = Debug|Any CPU
		{245F843C-C9CB-4B6C-B2D1-165BE3CF4CF1}.Release|Any CPU.ActiveCfg = Release|Any CPU
		{245F843C-C9CB-4B6C-B2D1-165BE3CF4CF1}.Release|Any CPU.Build.0 = Release|Any CPU
		{62E00716-1715-4353-8158-FC4701A56D8C}.Debug|Any CPU.ActiveCfg = Debug|Any CPU
		{62E00716-1715-4353-8158-FC4701A56D8C}.Debug|Any CPU.Build.0 = Debug|Any CPU
		{62E00716-1715-4353-8158-FC4701A56D8C}.Release|Any CPU.ActiveCfg = Release|Any CPU
		{62E00716-1715-4353-8158-FC4701A56D8C}.Release|Any CPU.Build.0 = Release|Any CPU
		{AAF3B82F-0CC0-4DD5-91EE-E7497DD7F2EC}.Debug|Any CPU.ActiveCfg = Debug|Any CPU
		{AAF3B82F-0CC0-4DD5-91EE-E7497DD7F2EC}.Debug|Any CPU.Build.0 = Debug|Any CPU
		{AAF3B82F-0CC0-4DD5-91EE-E7497DD7F2EC}.Release|Any CPU.ActiveCfg = Release|Any CPU
		{AAF3B82F-0CC0-4DD5-91EE-E7497DD7F2EC}.Release|Any CPU.Build.0 = Release|Any CPU
	EndGlobalSection
	GlobalSection(SolutionProperties) = preSolution
		HideSolutionNode = FALSE
	EndGlobalSection
	GlobalSection(ExtensibilityGlobals) = postSolution
		SolutionGuid = {4FBDEEEF-E9FB-4777-81FE-F5FF4F892631}
	EndGlobalSection
EndGlobal
